{
  "name": "SEassignment",
  "lockfileVersion": 2,
  "requires": true,
  "packages": {
    "": {
      "dependencies": {
        "leaflet": "^1.6.0",
        "react-leaflet": "^3.2.0"
      }
    },
    "node_modules/@react-leaflet/core": {
      "version": "1.1.1",
      "resolved": "https://registry.npmjs.org/@react-leaflet/core/-/core-1.1.1.tgz",
      "integrity": "sha512-7PGLWa9MZ5x/cWy8EH2VzI4T8q5WpuHbixzCDXqixP/WyqwIrg5NDUPgYuFnB4IEIZF+6nA265mYzswFo/h1Pw==",
      "peerDependencies": {
        "leaflet": "^1.7.1",
        "react": "^17.0.1",
        "react-dom": "^17.0.1"
      }
    },
    "node_modules/leaflet": {
      "version": "1.6.0",
      "resolved": "https://registry.npmjs.org/leaflet/-/leaflet-1.6.0.tgz",
      "integrity": "sha512-CPkhyqWUKZKFJ6K8umN5/D2wrJ2+/8UIpXppY7QDnUZW5bZL5+SEI2J7GBpwh4LIupOKqbNSQXgqmrEJopHVNQ=="
    },
    "node_modules/react-leaflet": {
      "version": "3.2.0",
      "resolved": "https://registry.npmjs.org/react-leaflet/-/react-leaflet-3.2.0.tgz",
      "integrity": "sha512-eHVqoRGjW8T9GxLt7jyTKP3BDQ7XQ5AD+tc/zkbaABn1dbmREDy8GojNcYjZQa3QFLQoOLQMcUC1PTtzytZpUA==",
      "dependencies": {
        "@react-leaflet/core": "^1.1.0"
      },
      "peerDependencies": {
        "leaflet": "^1.7.1",
        "react": "^17.0.1",
        "react-dom": "^17.0.1"
      }
    }
  },
  "dependencies": {
    "@react-leaflet/core": {
      "version": "1.1.1",
      "resolved": "https://registry.npmjs.org/@react-leaflet/core/-/core-1.1.1.tgz",
      "integrity": "sha512-7PGLWa9MZ5x/cWy8EH2VzI4T8q5WpuHbixzCDXqixP/WyqwIrg5NDUPgYuFnB4IEIZF+6nA265mYzswFo/h1Pw=="
    },
    "leaflet": {
      "version": "1.6.0",
      "resolved": "https://registry.npmjs.org/leaflet/-/leaflet-1.6.0.tgz",
      "integrity": "sha512-CPkhyqWUKZKFJ6K8umN5/D2wrJ2+/8UIpXppY7QDnUZW5bZL5+SEI2J7GBpwh4LIupOKqbNSQXgqmrEJopHVNQ=="
    },
    "react-leaflet": {
      "version": "3.2.0",
      "resolved": "https://registry.npmjs.org/react-leaflet/-/react-leaflet-3.2.0.tgz",
      "integrity": "sha512-eHVqoRGjW8T9GxLt7jyTKP3BDQ7XQ5AD+tc/zkbaABn1dbmREDy8GojNcYjZQa3QFLQoOLQMcUC1PTtzytZpUA==",
      "requires": {
        "@react-leaflet/core": "^1.1.0"
      }
    }
  }
}
